{
  "version": 4,
  "terraform_version": "1.14.4",
  "serial": 29,
  "lineage": "c6032945-915b-7f13-a540-bb384220a6b6",
  "outputs": {
    "app_url_http": {
      "value": "http://18.102.192.178",
      "type": "string"
    },
    "aws_account_id": {
      "value": "708175750893",
      "type": "string"
    },
    "ecr_backend_url": {
      "value": "708175750893.dkr.ecr.eu-south-1.amazonaws.com/gestione-spese-backend",
      "type": "string"
    },
    "ecr_frontend_url": {
      "value": "708175750893.dkr.ecr.eu-south-1.amazonaws.com/gestione-spese-frontend",
      "type": "string"
    },
    "server_public_ip": {
      "value": "18.102.192.178",
      "type": "string"
    },
    "ssh_command": {
      "value": "ssh -i gestione-spese-key.pem ec2-user@18.102.192.178",
      "type": "string"
    }
  },
  "resources": [
    {
      "mode": "data",
      "type": "aws_ami",
      "name": "amazon_linux_2023_arm",
      "provider": "provider[\"registry.terraform.io/hashicorp/aws\"]",
      "instances": [
        {
          "schema_version": 0,
          "attributes": {
            "architecture": "arm64",
            "arn": "arn:aws:ec2:eu-south-1::image/ami-038da27fce4db46b5",
            "block_device_mappings": [
              {
                "device_name": "/dev/xvda",
                "ebs": {
                  "delete_on_termination": "true",
                  "encrypted": "false",
                  "iops": "3000",
                  "snapshot_id": "snap-02232792e63557fd4",
                  "throughput": "125",
                  "volume_initialization_rate": "0",
                  "volume_size": "8",
                  "volume_type": "gp3"
                },
                "no_device": "",
                "virtual_name": ""
              }
            ],
            "boot_mode": "uefi",
            "creation_date": "2026-03-03T17:56:11.000Z",
            "deprecation_time": "2026-06-01T23:47:00.000Z",
            "description": "Amazon Linux 2023 AMI 2023.10.20260302.1 arm64 HVM kernel-6.1",
            "ena_support": true,
            "executable_users": null,
            "filter": [
              {
                "name": "architecture",
                "values": [
                  "arm64"
                ]
              },
              {
                "name": "name",
                "values": [
                  "al2023-ami-2023.*-arm64"
                ]
              }
            ],
            "hypervisor": "xen",
            "id": "ami-038da27fce4db46b5",
            "image_id": "ami-038da27fce4db46b5",
            "image_location": "amazon/al2023-ami-2023.10.20260302.1-kernel-6.1-arm64",
            "image_owner_alias": "amazon",
            "image_type": "machine",
            "imds_support": "v2.0",
            "include_deprecated": false,
            "kernel_id": "",
            "last_launched_time": "",
            "most_recent": true,
            "name": "al2023-ami-2023.10.20260302.1-kernel-6.1-arm64",
            "name_regex": null,
            "owner_id": "071630900071",
            "owners": [
              "amazon"
            ],
            "platform": "",
            "platform_details": "Linux/UNIX",
            "product_codes": [],
            "public": true,
            "ramdisk_id": "",
            "root_device_name": "/dev/xvda",
            "root_device_type": "ebs",
            "root_snapshot_id": "snap-02232792e63557fd4",
            "sriov_net_support": "simple",
            "state": "available",
            "state_reason": {
              "code": "UNSET",
              "message": "UNSET"
            },
            "tags": {},
            "timeouts": null,
            "tpm_support": "",
            "uefi_data": null,
            "usage_operation": "RunInstances",
            "virtualization_type": "hvm"
          },
          "sensitive_attributes": [],
          "identity_schema_version": 0
        }
      ]
    },
    {
      "mode": "data",
      "type": "aws_caller_identity",
      "name": "current",
      "provider": "provider[\"registry.terraform.io/hashicorp/aws\"]",
      "instances": [
        {
          "schema_version": 0,
          "attributes": {
            "account_id": "708175750893",
            "arn": "arn:aws:iam::708175750893:root",
            "id": "708175750893",
            "user_id": "708175750893"
          },
          "sensitive_attributes": [],
          "identity_schema_version": 0
        }
      ]
    },
    {
      "mode": "managed",
      "type": "aws_ebs_volume",
      "name": "postgres_data",
      "provider": "provider[\"registry.terraform.io/hashicorp/aws\"]",
      "instances": [
        {
          "schema_version": 0,
          "attributes": {
            "arn": "arn:aws:ec2:eu-south-1:708175750893:volume/vol-0411c7e6882393b73",
            "availability_zone": "eu-south-1a",
            "create_time": "2026-02-02T19:25:30Z",
            "encrypted": false,
            "final_snapshot": false,
            "id": "vol-0411c7e6882393b73",
            "iops": 3000,
            "kms_key_id": "",
            "multi_attach_enabled": false,
            "outpost_arn": "",
            "size": 10,
            "snapshot_id": "",
            "tags": {
              "Name": "gestione-spese-postgres-data"
            },
            "tags_all": {
              "Name": "gestione-spese-postgres-data"
            },
            "throughput": 125,
            "timeouts": null,
            "type": "gp3"
          },
          "sensitive_attributes": [],
          "identity_schema_version": 0,
          "private": "eyJlMmJmYjczMC1lY2FhLTExZTYtOGY4OC0zNDM2M2JjN2M0YzAiOnsiY3JlYXRlIjozMDAwMDAwMDAwMDAsImRlbGV0ZSI6NjAwMDAwMDAwMDAwLCJ1cGRhdGUiOjMwMDAwMDAwMDAwMH19"
        }
      ]
    },
    {
      "mode": "managed",
      "type": "aws_ecr_repository",
      "name": "backend_repo",
      "provider": "provider[\"registry.terraform.io/hashicorp/aws\"]",
      "instances": [
        {
          "schema_version": 0,
          "attributes": {
            "arn": "arn:aws:ecr:eu-south-1:708175750893:repository/gestione-spese-backend",
            "encryption_configuration": [
              {
                "encryption_type": "AES256",
                "kms_key": ""
              }
            ],
            "force_delete": true,
            "id": "gestione-spese-backend",
            "image_scanning_configuration": [
              {
                "scan_on_push": false
              }
            ],
            "image_tag_mutability": "MUTABLE",
            "name": "gestione-spese-backend",
            "registry_id": "708175750893",
            "repository_url": "708175750893.dkr.ecr.eu-south-1.amazonaws.com/gestione-spese-backend",
            "tags": {},
            "tags_all": {},
            "timeouts": null
          },
          "sensitive_attributes": [],
          "identity_schema_version": 0,
          "private": "eyJlMmJmYjczMC1lY2FhLTExZTYtOGY4OC0zNDM2M2JjN2M0YzAiOnsiZGVsZXRlIjoxMjAwMDAwMDAwMDAwfX0="
        }
      ]
    },
    {
      "mode": "managed",
      "type": "aws_ecr_repository",
      "name": "frontend_repo",
      "provider": "provider[\"registry.terraform.io/hashicorp/aws\"]",
      "instances": [
        {
          "schema_version": 0,
          "attributes": {
            "arn": "arn:aws:ecr:eu-south-1:708175750893:repository/gestione-spese-frontend",
            "encryption_configuration": [
              {
                "encryption_type": "AES256",
                "kms_key": ""
              }
            ],
            "force_delete": true,
            "id": "gestione-spese-frontend",
            "image_scanning_configuration": [
              {
                "scan_on_push": false
              }
            ],
            "image_tag_mutability": "MUTABLE",
            "name": "gestione-spese-frontend",
            "registry_id": "708175750893",
            "repository_url": "708175750893.dkr.ecr.eu-south-1.amazonaws.com/gestione-spese-frontend",
            "tags": {},
            "tags_all": {},
            "timeouts": null
          },
          "sensitive_attributes": [],
          "identity_schema_version": 0,
          "private": "eyJlMmJmYjczMC1lY2FhLTExZTYtOGY4OC0zNDM2M2JjN2M0YzAiOnsiZGVsZXRlIjoxMjAwMDAwMDAwMDAwfX0="
        }
      ]
    },
    {
      "mode": "managed",
      "type": "aws_eip",
      "name": "lb",
      "provider": "provider[\"registry.terraform.io/hashicorp/aws\"]",
      "instances": [
        {
          "schema_version": 0,
          "attributes": {
            "address": null,
            "allocation_id": "eipalloc-00cd3ec1e09096a08",
            "arn": "arn:aws:ec2:eu-south-1:708175750893:elastic-ip/eipalloc-00cd3ec1e09096a08",
            "associate_with_private_ip": null,
            "association_id": "eipassoc-064d4c00efd703090",
            "carrier_ip": "",
            "customer_owned_ip": "",
            "customer_owned_ipv4_pool": "",
            "domain": "vpc",
            "id": "eipalloc-00cd3ec1e09096a08",
            "instance": "i-00fac530442caa016",
            "ipam_pool_id": null,
            "network_border_group": "eu-south-1",
            "network_interface": "eni-0a5617200aa64dc0d",
            "private_dns": "ip-172-31-38-90.eu-south-1.compute.internal",
            "private_ip": "172.31.38.90",
            "ptr_record": "",
            "public_dns": "ec2-18-102-192-178.eu-south-1.compute.amazonaws.com",
            "public_ip": "18.102.192.178",
            "public_ipv4_pool": "amazon",
            "tags": {
              "Name": "gestione-spese-eip"
            },
            "tags_all": {
              "Name": "gestione-spese-eip"
            },
            "timeouts": null,
            "vpc": true
          },
          "sensitive_attributes": [],
          "identity_schema_version": 0,
          "private": "eyJlMmJmYjczMC1lY2FhLTExZTYtOGY4OC0zNDM2M2JjN2M0YzAiOnsiZGVsZXRlIjoxODAwMDAwMDAwMDAsInJlYWQiOjkwMDAwMDAwMDAwMCwidXBkYXRlIjozMDAwMDAwMDAwMDB9fQ==",
          "dependencies": [
            "aws_iam_instance_profile.ec2_profile",
            "aws_iam_role.ec2_role",
            "aws_instance.app_server",
            "aws_key_pair.kp",
            "aws_security_group.ec2_sg",
            "data.aws_ami.amazon_linux_2023_arm",
            "tls_private_key.pk"
          ]
        }
      ]
    },
    {
      "mode": "managed",
      "type": "aws_iam_instance_profile",
      "name": "ec2_profile",
      "provider": "provider[\"registry.terraform.io/hashicorp/aws\"]",
      "instances": [
        {
          "schema_version": 0,
          "attributes": {
            "arn": "arn:aws:iam::708175750893:instance-profile/gestione_spese_ec2_profile",
            "create_date": "2026-02-02T19:25:31Z",
            "id": "gestione_spese_ec2_profile",
            "name": "gestione_spese_ec2_profile",
            "name_prefix": "",
            "path": "/",
            "role": "gestione_spese_ec2_role",
            "tags": {},
            "tags_all": {},
            "unique_id": "AIPA2JYUQM3WX2CA252NF"
          },
          "sensitive_attributes": [],
          "identity_schema_version": 0,
          "private": "bnVsbA==",
          "dependencies": [
            "aws_iam_role.ec2_role"
          ]
        }
      ]
    },
    {
      "mode": "managed",
      "type": "aws_iam_role",
      "name": "ec2_role",
      "provider": "provider[\"registry.terraform.io/hashicorp/aws\"]",
      "instances": [
        {
          "schema_version": 0,
          "attributes": {
            "arn": "arn:aws:iam::708175750893:role/gestione_spese_ec2_role",
            "assume_role_policy": "{\"Statement\":[{\"Action\":\"sts:AssumeRole\",\"Effect\":\"Allow\",\"Principal\":{\"Service\":\"ec2.amazonaws.com\"}}],\"Version\":\"2012-10-17\"}",
            "create_date": "2026-02-02T19:25:30Z",
            "description": "",
            "force_detach_policies": false,
            "id": "gestione_spese_ec2_role",
            "inline_policy": [
              {
                "name": "gestione_spese_bedrock_invoke",
                "policy": "{\"Version\":\"2012-10-17\",\"Statement\":[{\"Action\":[\"bedrock:InvokeModel\",\"bedrock:InvokeModelWithResponseStream\"],\"Effect\":\"Allow\",\"Resource\":[\"arn:aws:bedrock:*::foundation-model/*\",\"arn:aws:bedrock:*:708175750893:inference-profile/*\"]}]}"
              }
            ],
            "managed_policy_arns": [
              "arn:aws:iam::aws:policy/AmazonEC2ContainerRegistryReadOnly"
            ],
            "max_session_duration": 3600,
            "name": "gestione_spese_ec2_role",
            "name_prefix": "",
            "path": "/",
            "permissions_boundary": "",
            "tags": {},
            "tags_all": {},
            "unique_id": "AROA2JYUQM3WTELMFCXLW"
          },
          "sensitive_attributes": [],
          "identity_schema_version": 0,
          "private": "bnVsbA=="
        }
      ]
    },
    {
      "mode": "managed",
      "type": "aws_iam_role_policy",
      "name": "bedrock_invoke",
      "provider": "provider[\"registry.terraform.io/hashicorp/aws\"]",
      "instances": [
        {
          "schema_version": 0,
          "attributes": {
            "id": "gestione_spese_ec2_role:gestione_spese_bedrock_invoke",
            "name": "gestione_spese_bedrock_invoke",
            "name_prefix": "",
            "policy": "{\"Version\":\"2012-10-17\",\"Statement\":[{\"Action\":[\"bedrock:InvokeModel\",\"bedrock:InvokeModelWithResponseStream\",\"aws-marketplace:ViewSubscriptions\",\"aws-marketplace:Subscribe\",\"aws-marketplace:Unsubscribe\"],\"Effect\":\"Allow\",\"Resource\":[\"arn:aws:bedrock:*::foundation-model/*\",\"arn:aws:bedrock:*:708175750893:inference-profile/*\"]}]}",
            "role": "gestione_spese_ec2_role"
          },
          "sensitive_attributes": [],
          "identity_schema_version": 0,
          "private": "bnVsbA==",
          "dependencies": [
            "aws_iam_role.ec2_role"
          ]
        }
      ]
    },
    {
      "mode": "managed",
      "type": "aws_iam_role_policy_attachment",
      "name": "ecr_readonly",
      "provider": "provider[\"registry.terraform.io/hashicorp/aws\"]",
      "instances": [
        {
          "schema_version": 0,
          "attributes": {
            "id": "gestione_spese_ec2_role-20260202192531311700000002",
            "policy_arn": "arn:aws:iam::aws:policy/AmazonEC2ContainerRegistryReadOnly",
            "role": "gestione_spese_ec2_role"
          },
          "sensitive_attributes": [],
          "identity_schema_version": 0,
          "private": "bnVsbA==",
          "dependencies": [
            "aws_iam_role.ec2_role"
          ]
        }
      ]
    },
    {
      "mode": "managed",
      "type": "aws_instance",
      "name": "app_server",
      "provider": "provider[\"registry.terraform.io/hashicorp/aws\"]",
      "instances": [
        {
          "schema_version": 1,
          "attributes": {
            "ami": "ami-038da27fce4db46b5",
            "arn": "arn:aws:ec2:eu-south-1:708175750893:instance/i-00fac530442caa016",
            "associate_public_ip_address": true,
            "availability_zone": "eu-south-1a",
            "capacity_reservation_specification": [
              {
                "capacity_reservation_preference": "open",
                "capacity_reservation_target": []
              }
            ],
            "cpu_core_count": 2,
            "cpu_options": [
              {
                "amd_sev_snp": "",
                "core_count": 2,
                "threads_per_core": 1
              }
            ],
            "cpu_threads_per_core": 1,
            "credit_specification": [
              {
                "cpu_credits": "unlimited"
              }
            ],
            "disable_api_stop": false,
            "disable_api_termination": false,
            "ebs_block_device": [
              {
                "delete_on_termination": false,
                "device_name": "/dev/xvdf",
                "encrypted": false,
                "iops": 3000,
                "kms_key_id": "",
                "snapshot_id": "",
                "tags": {
                  "Name": "gestione-spese-postgres-data"
                },
                "tags_all": {
                  "Name": "gestione-spese-postgres-data"
                },
                "throughput": 125,
                "volume_id": "vol-0411c7e6882393b73",
                "volume_size": 10,
                "volume_type": "gp3"
              }
            ],
            "ebs_optimized": false,
            "enable_primary_ipv6": null,
            "enclave_options": [
              {
                "enabled": false
              }
            ],
            "ephemeral_block_device": [],
            "get_password_data": false,
            "hibernation": false,
            "host_id": "",
            "host_resource_group_arn": null,
            "iam_instance_profile": "gestione_spese_ec2_profile",
            "id": "i-00fac530442caa016",
            "instance_initiated_shutdown_behavior": "stop",
            "instance_lifecycle": "",
            "instance_market_options": [],
            "instance_state": "running",
            "instance_type": "t4g.micro",
            "ipv6_address_count": 0,
            "ipv6_addresses": [],
            "key_name": "gestione-spese-key",
            "launch_template": [],
            "maintenance_options": [
              {
                "auto_recovery": "default"
              }
            ],
            "metadata_options": [
              {
                "http_endpoint": "enabled",
                "http_protocol_ipv6": "disabled",
                "http_put_response_hop_limit": 2,
                "http_tokens": "required",
                "instance_metadata_tags": "disabled"
              }
            ],
            "monitoring": false,
            "network_interface": [],
            "outpost_arn": "",
            "password_data": "",
            "placement_group": "",
            "placement_partition_number": 0,
            "primary_network_interface_id": "eni-0a5617200aa64dc0d",
            "private_dns": "ip-172-31-38-90.eu-south-1.compute.internal",
            "private_dns_name_options": [
              {
                "enable_resource_name_dns_a_record": false,
                "enable_resource_name_dns_aaaa_record": false,
                "hostname_type": "ip-name"
              }
            ],
            "private_ip": "172.31.38.90",
            "public_dns": "ec2-18-102-192-178.eu-south-1.compute.amazonaws.com",
            "public_ip": "18.102.192.178",
            "root_block_device": [
              {
                "delete_on_termination": true,
                "device_name": "/dev/xvda",
                "encrypted": false,
                "iops": 3000,
                "kms_key_id": "",
                "tags": {},
                "tags_all": {},
                "throughput": 125,
                "volume_id": "vol-03bd295fa9b2d8ca8",
                "volume_size": 8,
                "volume_type": "gp3"
              }
            ],
            "secondary_private_ips": [],
            "security_groups": [
              "gestione-spese-ec2-sg"
            ],
            "source_dest_check": true,
            "spot_instance_request_id": "",
            "subnet_id": "subnet-0793944831d77d8b9",
            "tags": {
              "Name": "GestioneSpeseServer"
            },
            "tags_all": {
              "Name": "GestioneSpeseServer"
            },
            "tenancy": "default",
            "timeouts": null,
            "user_data": "c481e8ac33d71c69cbff0eadacbabbc587626807",
            "user_data_base64": null,
            "user_data_replace_on_change": false,
            "volume_tags": null,
            "vpc_security_group_ids": [
              "sg-0cf12746895e90c5b"
            ]
          },
          "sensitive_attributes": [],
          "identity_schema_version": 0,
          "private": "eyJlMmJmYjczMC1lY2FhLTExZTYtOGY4OC0zNDM2M2JjN2M0YzAiOnsiY3JlYXRlIjo2MDAwMDAwMDAwMDAsImRlbGV0ZSI6MTIwMDAwMDAwMDAwMCwicmVhZCI6OTAwMDAwMDAwMDAwLCJ1cGRhdGUiOjYwMDAwMDAwMDAwMH0sInNjaGVtYV92ZXJzaW9uIjoiMSJ9",
          "dependencies": [
            "aws_iam_instance_profile.ec2_profile",
            "aws_iam_role.ec2_role",
            "aws_key_pair.kp",
            "aws_security_group.ec2_sg",
            "data.aws_ami.amazon_linux_2023_arm",
            "tls_private_key.pk"
          ]
        }
      ]
    },
    {
      "mode": "managed",
      "type": "aws_key_pair",
      "name": "kp",
      "provider": "provider[\"registry.terraform.io/hashicorp/aws\"]",
      "instances": [
        {
          "schema_version": 1,
          "attributes": {
            "arn": "arn:aws:ec2:eu-south-1:708175750893:key-pair/gestione-spese-key",
            "fingerprint": "68:43:b7:c4:35:8c:5b:ad:53:b6:fd:87:2b:a1:69:b6",
            "id": "gestione-spese-key",
            "key_name": "gestione-spese-key",
            "key_name_prefix": "",
            "key_pair_id": "key-0d8e99773140f6cc9",
            "key_type": "rsa",
            "public_key": "ssh-rsa AAAAB3NzaC1yc2EAAAADAQABAAACAQCry6rhKjvMxy66IqA38/HSTK0BfzbR5CCMKwvRoL9pSuRcy4RNjdLIAxvcqtUKkOtfdainKaOIVQmmfKILBh/RNt7T9exFQwOvcQRiCXgCXXPyByFcoA34LETlgBMy2oXWS0EsP1oKAY413YleFlzExjvx/A0udHcgH5ZjyWY77YGiUF+Li7dTPWLq6NHcXkA9gdqnrIUB3/7dqZbu5FxhfZu0DKT8Lk2Rd223uIOdf6/Gq1vLqhW1m8NQ/Kp4JVTsQWu8WNu/lvU609WnCOdvQ+osHUpZcdbalbf1E4MBwhUdPZfW4FtaxHVECVmHnS7eCkb4dudKM2AyYzsOZR22cn8cti09YpnzZtQv26bBgnjwhi/6V9eBzyWnjeMgTFN7aKd5VQYwNsa6P+1OfGZWm0nIA2o7ZuYzalLWfCQubqpCZiNrlYkep9PQftIgjzBBcVpIrwrQUG57pYRznvhQia/RUUL+HaOz7qiIJB2W6HcgnOp5ilAWDsmTelhyBO9MVjRDTrMHCWeQWoLS+JnMVKZO1yE66m5LBUu1aNU10NLc/30vSuBKVMON4mAtVDAemrgxA15uRZF821FaqAO7ZPojDhfeApVA878Pwu47Odi1Xpr6LlvjTbYa5nkur4CzBc5dhYnyJqeMUng03SYQe5Nor6brLvO4hw0E/FaXuw==",
            "tags": {},
            "tags_all": {}
          },
          "sensitive_attributes": [],
          "identity_schema_version": 0,
          "private": "eyJzY2hlbWFfdmVyc2lvbiI6IjEifQ==",
          "dependencies": [
            "tls_private_key.pk"
          ]
        }
      ]
    },
    {
      "mode": "managed",
      "type": "aws_security_group",
      "name": "ec2_sg",
      "provider": "provider[\"registry.terraform.io/hashicorp/aws\"]",
      "instances": [
        {
          "schema_version": 1,
          "attributes": {
            "arn": "arn:aws:ec2:eu-south-1:708175750893:security-group/sg-0cf12746895e90c5b",
            "description": "Allow SSH, HTTP, HTTPS, and App ports",
            "egress": [
              {
                "cidr_blocks": [
                  "0.0.0.0/0"
                ],
                "description": "",
                "from_port": 0,
                "ipv6_cidr_blocks": [],
                "prefix_list_ids": [],
                "protocol": "-1",
                "security_groups": [],
                "self": false,
                "to_port": 0
              }
            ],
            "id": "sg-0cf12746895e90c5b",
            "ingress": [
              {
                "cidr_blocks": [
                  "0.0.0.0/0"
                ],
                "description": "Backend API",
                "from_port": 8080,
                "ipv6_cidr_blocks": [],
                "prefix_list_ids": [],
                "protocol": "tcp",
                "security_groups": [],
                "self": false,
                "to_port": 8080
              },
              {
                "cidr_blocks": [
                  "0.0.0.0/0"
                ],
                "description": "HTTP",
                "from_port": 80,
                "ipv6_cidr_blocks": [],
                "prefix_list_ids": [],
                "protocol": "tcp",
                "security_groups": [],
                "self": false,
                "to_port": 80
              },
              {
                "cidr_blocks": [
                  "0.0.0.0/0"
                ],
                "description": "HTTPS",
                "from_port": 443,
                "ipv6_cidr_blocks": [],
                "prefix_list_ids": [],
                "protocol": "tcp",
                "security_groups": [],
                "self": false,
                "to_port": 443
              },
              {
                "cidr_blocks": [
                  "0.0.0.0/0"
                ],
                "description": "SSH",
                "from_port": 22,
                "ipv6_cidr_blocks": [],
                "prefix_list_ids": [],
                "protocol": "tcp",
                "security_groups": [],
                "self": false,
                "to_port": 22
              }
            ],
            "name": "gestione-spese-ec2-sg",
            "name_prefix": "",
            "owner_id": "708175750893",
            "revoke_rules_on_delete": false,
            "tags": {
              "Name": "gestione-spese-sg"
            },
            "tags_all": {
              "Name": "gestione-spese-sg"
            },
            "timeouts": null,
            "vpc_id": "vpc-099c9523131dc3872"
          },
          "sensitive_attributes": [],
          "identity_schema_version": 0,
          "private": "eyJlMmJmYjczMC1lY2FhLTExZTYtOGY4OC0zNDM2M2JjN2M0YzAiOnsiY3JlYXRlIjo2MDAwMDAwMDAwMDAsImRlbGV0ZSI6OTAwMDAwMDAwMDAwfSwic2NoZW1hX3ZlcnNpb24iOiIxIn0="
        }
      ]
    },
    {
      "mode": "managed",
      "type": "aws_volume_attachment",
      "name": "postgres_data_att",
      "provider": "provider[\"registry.terraform.io/hashicorp/aws\"]",
      "instances": [
        {
          "schema_version": 0,
          "attributes": {
            "device_name": "/dev/xvdf",
            "force_detach": null,
            "id": "vai-3978889225",
            "instance_id": "i-00fac530442caa016",
            "skip_destroy": null,
            "stop_instance_before_detaching": null,
            "timeouts": null,
            "volume_id": "vol-0411c7e6882393b73"
          },
          "sensitive_attributes": [],
          "identity_schema_version": 0,
          "private": "eyJlMmJmYjczMC1lY2FhLTExZTYtOGY4OC0zNDM2M2JjN2M0YzAiOnsiY3JlYXRlIjozMDAwMDAwMDAwMDAsImRlbGV0ZSI6MzAwMDAwMDAwMDAwfX0=",
          "dependencies": [
            "aws_ebs_volume.postgres_data",
            "aws_iam_instance_profile.ec2_profile",
            "aws_iam_role.ec2_role",
            "aws_instance.app_server",
            "aws_key_pair.kp",
            "aws_security_group.ec2_sg",
            "data.aws_ami.amazon_linux_2023_arm",
            "tls_private_key.pk"
          ]
        }
      ]
    },
    {
      "mode": "managed",
      "type": "local_file",
      "name": "ssh_key",
      "provider": "provider[\"registry.terraform.io/hashicorp/local\"]",
      "instances": [
        {
          "schema_version": 0,
          "attributes": {
            "content": "-----BEGIN RSA PRIVATE KEY-----\nMIIJKQIBAAKCAgEAq8uq4So7zMcuuiKgN/Px0kytAX820eQgjCsL0aC/aUrkXMuE\nTY3SyAMb3KrVCpDrX3WopymjiFUJpnyiCwYf0Tbe0/XsRUMDr3EEYgl4Al1z8gch\nXKAN+CxE5YATMtqF1ktBLD9aCgGONd2JXhZcxMY78fwNLnR3IB+WY8lmO+2BolBf\ni4u3Uz1i6ujR3F5APYHap6yFAd/+3amW7uRcYX2btAyk/C5NkXdtt7iDnX+vxqtb\ny6oVtZvDUPyqeCVU7EFrvFjbv5b1OtPVpwjnb0PqLB1KWXHW2pW39RODAcIVHT2X\n1uBbWsR1RAlZh50u3gpG+HbnSjNgMmM7DmUdtnJ/HLYtPWKZ82bUL9umwYJ48IYv\n+lfXgc8lp43jIExTe2ineVUGMDbGuj/tTnxmVptJyANqO2bmM2pS1nwkLm6qQmYj\na5WJHqfT0H7SII8wQXFaSK8K0FBue6WEc574UImv0VFC/h2js+6oiCQdluh3IJzq\neYpQFg7Jk3pYcgTvTFY0Q06zBwlnkFqC0viZzFSmTtchOupuSwVLtWjVNdDS3P99\nL0rgSlTDjeJgLVQwHpq4MQNebkWRfNtRWqgDu2T6Iw4X3gKVQPO/D8LuOznYtV6a\n+i5b4022GuZ5Lq+AswXOXYWJ8ianjFJ4NN0mEHuTaK+m6y7zuIcNBPxWl7sCAwEA\nAQKCAgA2UX+2kOV2gnX+SWtyNZH8xdyf0ArTw3cdCpFClzpePt1Ej97FrLV8IyuA\nko0ouZiKRsfsDsjTltulxdtwc9/EhT5gM24gmidEpg3WN5s32DeMS3/bawnvsYOZ\nMu0fE6PklUfGh0NfTY2a73B7DMQJPYp/oQvD5/QwdnxVEb1e7mIiIZqMI0F0MsEf\neDy+mhhiujeZ83zckmfhyzjbUN36vz3naGYUDEnfWC0bPV50Aobf4Jd2JlGV6emQ\nJkt6EIew6aB4XXohskfYcVko5rJSZl1Y1GwJKurdkyAmf6RY/nYxmCN1v9tysBJJ\n0FD8BZFniEVXUzUfK25bkC+Ahi0l2WdXYoFK+kP3+UxCiQ3V3CJQwNhZaYxNimQm\n8PE9Tm0T/0g56vnMQ0feZTJUxW/QZbu6JRfJJ7yblE0+fMNNeMUu5LiACEDtWfaQ\ngWHYTqmL63QZKludDpSkmxtjITlO44rtfxYDPZo/Y0bjZPt+BqWm02J2YHfmUGFn\nYMToFWbmFTmT12czgOElNhTHl2+DC+9Ss2o8OpcSNdjUHtqyhhzc9iiefhQbzw0n\nAqUAEXYWGILYhlkYvflCmLuRGTlIntfqlw0xdLsYElourDdXRPsN4NO+pWKzqqRU\nuC3VhANtF7PpHJvrtD/NUu9iPZYsCSByeMV2/efkarMsZ0G+uQKCAQEA3k6H6WbS\npKV/2fCUCppuJPJOSWlQ1KwggexmE4GykWm6H/f+fSo7kpzSC6H9X9b72H4wbXq2\nzCg60SyZcbbG3nDIid/dKIGkzVr7faXTHD0eKupG3jtnfXrAhE171fp6A8crC7fY\nckiO0hdhY3q1I53vuy+eOgx29s/S6J7ZYAlkH/xLCLK0y48DC1SqGFcb5tGg39AR\nK33Y9y9yh2+OO4NZCw8eTSFaYbjO52gUfTllRoPHsKItyi9cDjoRDhhV3JVqVEnr\nSthMBrm5U9TLOujl5U2RBETN8hFKxJzXb3Sti8D1Q7uhrv1rVfz4D5YBDPq2CzdU\nXO9JcQEg6tHcAwKCAQEAxdVPZsNlg/IjXhaKmNNDGevBVmELckKJgzdAEYiO0B1S\nqK6TVUijyZboMoGW+mSffMaQv/KEW2qxYgU5YKnAoxmZkBHoS1O+e6XAs29zvCah\nK/yZBuGwUOoK+pIMFPcXVFoJdUfP5FP/hGB95TAaoMJd3ptcwCXJ2TaFGX7UHsR4\nZcMiW9GGNYLWLBmvuhcvBKj7DEO7bh0T9Z+n77+2gnWVmLROEx4ZC0aD9DR7eItC\nWwsnWttYufhi+7n7zXHVARUS+XgN/BG430ebG1GB+tGbGvgvU3kL3ZlRrGBssvxv\nY4SfXpKSNwuULMvr4FrPyPmGCMwG7mWI7iJ8VIBz6QKCAQAeK04qkLe5fHRTYWDV\n54tXHEMfl1lO42Ut/KUFtK5FKbIGsKMq3VZkWT/wMDWwkf5vrQBpeyPfpP4GcSUJ\n16I5gdjVTTo4Sw/Qhq5mqOBzjp/PdyfS9QDgeI4z5kgODAYPCTKATpzjNZGcVWv0\nEi0O/loQby/r9NEYQa//vb8GV3/tD1InhgkfLvNc0EqdLwUsV/qbJSOPYW7WbOwA\nEVWeIf8tjwmvsf0QEgKSSP+u1uE1pqCtCfVo4PB/RcYWwZq1atmZQsbZy2zV5NKP\n2+sQvZalfddWWvgQB+S7tgVOrOj4dGFUpdwVYXL1onUPuG3AEy4ta37ZdefjnCGZ\nfI19AoIBAQC92hhJ6ShJuJzCVWWKhet2O64dpCHk8/+dge8lJGTRSeKiaG6RwJUW\nB5ErrvthriD0EGanHihwxnIWPCc1IZLxssaQ4O6JI4PAi2/jgwiRPo0bdlywovOe\nowwILRIVKI8l7wX2nATg/M9QjX0j7ccQEZcd4wDekSUlI9IVhoYwRKG6HsqhTPC7\n96RrS/c84bTIhxXtTi7X3GXkKOR0CwouJoN6uUXXyOGF1ZUaTSdUpmf2kTyiT6/V\nQI5VPsVsAlrEoCHGcLUS+zrsY35xeAYB2xc7iYN5WsfNUK51e0+1cNXArmx2yLgy\nxRTc7JGfi+at2vALDylzrNL8nPGt8lvJAoIBAQCcSLgIAnuTxsHzjGuL3cZsLy+g\nNgtYMnKBvHbpU5+D1SIvjM/Jj9GzZrx2LaI6rCJv5EyOl/aOC/xktevcZIflT2e/\nw68wDPmcyqnRSLzam9reti0CKDH/MDm8AkoV/sg8nwuAP6BIPbOaAKAvCZYXpeMl\nFUCo7OKkg4DfKVA3J09xRTf6fOxAI6etcgJl4K3bZt0W7Vwt1TDWLyr/lnGSDG5/\n2FFRGMRwpYZTbCzcnELuPt4uPHtQGqOvE66Pg3puQigf0gNAQgU0uP4eUEwlGFW6\nyDdavjBszQ+q0cmgvUcc0xFKBKB2pmZSaMdVgTqJ4thKzqBcqbgVvnITrXDx\n-----END RSA PRIVATE KEY-----\n",
            "content_base64": null,
            "content_base64sha256": "qFJKABGyi8pqVW16TEg9aurqHOBphKq9QQKNiSqVUJ4=",
            "content_base64sha512": "K4F5yfGVGzNuN2R0EMi8aKxl3N7oxVYAmerWkXIVeTa/Jc0fVIbKCB3F82L3ALj/LMJCYMo/Cy+Z93/LvF45fg==",
            "content_md5": "0e31013f148ccc4ba4e8e2f92406808e",
            "content_sha1": "a197914fa44c7b3c93d24ddfbed39eb15da4a2ee",
            "content_sha256": "a8524a0011b28bca6a556d7a4c483d6aeaea1ce06984aabd41028d892a95509e",
            "content_sha512": "2b8179c9f1951b336e37647410c8bc68ac65dcdee8c5560099ead69172157936bf25cd1f5486ca081dc5f362f700b8ff2cc24260ca3f0b2f99f77fcbbc5e397e",
            "directory_permission": "0777",
            "file_permission": "0400",
            "filename": "./gestione-spese-key.pem",
            "id": "a197914fa44c7b3c93d24ddfbed39eb15da4a2ee",
            "sensitive_content": null,
            "source": null
          },
          "sensitive_attributes": [
            [
              {
                "type": "get_attr",
                "value": "content"
              }
            ],
            [
              {
                "type": "get_attr",
                "value": "sensitive_content"
              }
            ]
          ],
          "identity_schema_version": 0,
          "dependencies": [
            "tls_private_key.pk"
          ]
        }
      ]
    },
    {
      "mode": "managed",
      "type": "tls_private_key",
      "name": "pk",
      "provider": "provider[\"registry.terraform.io/hashicorp/tls\"]",
      "instances": [
        {
          "schema_version": 1,
          "attributes": {
            "algorithm": "RSA",
            "ecdsa_curve": "P224",
            "id": "8d9ac3f28f121d8454b0eb6a6f392888877a78de",
            "private_key_openssh": "-----BEGIN OPENSSH PRIVATE KEY-----\nb3BlbnNzaC1rZXktdjEAAAAABG5vbmUAAAAEbm9uZQAAAAAAAAABAAACFwAAAAdz\nc2gtcnNhAAAAAwEAAQAAAgEAq8uq4So7zMcuuiKgN/Px0kytAX820eQgjCsL0aC/\naUrkXMuETY3SyAMb3KrVCpDrX3WopymjiFUJpnyiCwYf0Tbe0/XsRUMDr3EEYgl4\nAl1z8gchXKAN+CxE5YATMtqF1ktBLD9aCgGONd2JXhZcxMY78fwNLnR3IB+WY8lm\nO+2BolBfi4u3Uz1i6ujR3F5APYHap6yFAd/+3amW7uRcYX2btAyk/C5NkXdtt7iD\nnX+vxqtby6oVtZvDUPyqeCVU7EFrvFjbv5b1OtPVpwjnb0PqLB1KWXHW2pW39ROD\nAcIVHT2X1uBbWsR1RAlZh50u3gpG+HbnSjNgMmM7DmUdtnJ/HLYtPWKZ82bUL9um\nwYJ48IYv+lfXgc8lp43jIExTe2ineVUGMDbGuj/tTnxmVptJyANqO2bmM2pS1nwk\nLm6qQmYja5WJHqfT0H7SII8wQXFaSK8K0FBue6WEc574UImv0VFC/h2js+6oiCQd\nluh3IJzqeYpQFg7Jk3pYcgTvTFY0Q06zBwlnkFqC0viZzFSmTtchOupuSwVLtWjV\nNdDS3P99L0rgSlTDjeJgLVQwHpq4MQNebkWRfNtRWqgDu2T6Iw4X3gKVQPO/D8Lu\nOznYtV6a+i5b4022GuZ5Lq+AswXOXYWJ8ianjFJ4NN0mEHuTaK+m6y7zuIcNBPxW\nl7sAAAc4SiLMdEoizHQAAAAHc3NoLXJzYQAAAgEAq8uq4So7zMcuuiKgN/Px0kyt\nAX820eQgjCsL0aC/aUrkXMuETY3SyAMb3KrVCpDrX3WopymjiFUJpnyiCwYf0Tbe\n0/XsRUMDr3EEYgl4Al1z8gchXKAN+CxE5YATMtqF1ktBLD9aCgGONd2JXhZcxMY7\n8fwNLnR3IB+WY8lmO+2BolBfi4u3Uz1i6ujR3F5APYHap6yFAd/+3amW7uRcYX2b\ntAyk/C5NkXdtt7iDnX+vxqtby6oVtZvDUPyqeCVU7EFrvFjbv5b1OtPVpwjnb0Pq\nLB1KWXHW2pW39RODAcIVHT2X1uBbWsR1RAlZh50u3gpG+HbnSjNgMmM7DmUdtnJ/\nHLYtPWKZ82bUL9umwYJ48IYv+lfXgc8lp43jIExTe2ineVUGMDbGuj/tTnxmVptJ\nyANqO2bmM2pS1nwkLm6qQmYja5WJHqfT0H7SII8wQXFaSK8K0FBue6WEc574UImv\n0VFC/h2js+6oiCQdluh3IJzqeYpQFg7Jk3pYcgTvTFY0Q06zBwlnkFqC0viZzFSm\nTtchOupuSwVLtWjVNdDS3P99L0rgSlTDjeJgLVQwHpq4MQNebkWRfNtRWqgDu2T6\nIw4X3gKVQPO/D8LuOznYtV6a+i5b4022GuZ5Lq+AswXOXYWJ8ianjFJ4NN0mEHuT\naK+m6y7zuIcNBPxWl7sAAAADAQABAAACADZRf7aQ5XaCdf5Ja3I1kfzF3J/QCtPD\ndx0KkUKXOl4+3USP3sWstXwjK4CSjSi5mIpGx+wOyNOW26XF23Bz38SFPmAzbiCa\nJ0SmDdY3mzfYN4xLf9trCe+xg5ky7R8To+SVR8aHQ19NjZrvcHsMxAk9in+hC8Pn\n9DB2fFURvV7uYiIhmowjQXQywR94PL6aGGK6N5nzfNySZ+HLONtQ3fq/PedoZhQM\nSd9YLRs9XnQCht/gl3YmUZXp6ZAmS3oQh7DpoHhdeiGyR9hxWSjmslJmXVjUbAkq\n6t2TICZ/pFj+djGYI3W/23KwEknQUPwFkWeIRVdTNR8rbluQL4CGLSXZZ1digUr6\nQ/f5TEKJDdXcIlDA2FlpjE2KZCbw8T1ObRP/SDnq+cxDR95lMlTFb9Blu7olF8kn\nvJuUTT58w014xS7kuIAIQO1Z9pCBYdhOqYvrdBkqW50OlKSbG2MhOU7jiu1/FgM9\nmj9jRuNk+34GpabTYnZgd+ZQYWdgxOgVZuYVOZPXZzOA4SU2FMeXb4ML71Kzajw6\nlxI12NQe2rKGHNz2KJ5+FBvPDScCpQARdhYYgtiGWRi9+UKYu5EZOUie1+qXDTF0\nuxgSWi6sN1dE+w3g076lYrOqpFS4LdWEA20Xs+kcm+u0P81S72I9liwJIHJ4xXb9\n5+RqsyxnQb65AAABAQCcSLgIAnuTxsHzjGuL3cZsLy+gNgtYMnKBvHbpU5+D1SIv\njM/Jj9GzZrx2LaI6rCJv5EyOl/aOC/xktevcZIflT2e/w68wDPmcyqnRSLzam9re\nti0CKDH/MDm8AkoV/sg8nwuAP6BIPbOaAKAvCZYXpeMlFUCo7OKkg4DfKVA3J09x\nRTf6fOxAI6etcgJl4K3bZt0W7Vwt1TDWLyr/lnGSDG5/2FFRGMRwpYZTbCzcnELu\nPt4uPHtQGqOvE66Pg3puQigf0gNAQgU0uP4eUEwlGFW6yDdavjBszQ+q0cmgvUcc\n0xFKBKB2pmZSaMdVgTqJ4thKzqBcqbgVvnITrXDxAAABAQDeTofpZtKkpX/Z8JQK\nmm4k8k5JaVDUrCCB7GYTgbKRabof9/59KjuSnNILof1f1vvYfjBterbMKDrRLJlx\ntsbecMiJ390ogaTNWvt9pdMcPR4q6kbeO2d9esCETXvV+noDxysLt9hySI7SF2Fj\nerUjne+7L546DHb2z9LontlgCWQf/EsIsrTLjwMLVKoYVxvm0aDf0BErfdj3L3KH\nb447g1kLDx5NIVphuM7naBR9OWVGg8ewoi3KL1wOOhEOGFXclWpUSetK2EwGublT\n1Ms66OXlTZEERM3yEUrEnNdvdK2LwPVDu6Gu/WtV/PgPlgEM+rYLN1Rc70lxASDq\n0dwDAAABAQDF1U9mw2WD8iNeFoqY00MZ68FWYQtyQomDN0ARiI7QHVKorpNVSKPJ\nlugygZb6ZJ98xpC/8oRbarFiBTlgqcCjGZmQEehLU757pcCzb3O8JqEr/JkG4bBQ\n6gr6kgwU9xdUWgl1R8/kU/+EYH3lMBqgwl3em1zAJcnZNoUZftQexHhlwyJb0YY1\ngtYsGa+6Fy8EqPsMQ7tuHRP1n6fvv7aCdZWYtE4THhkLRoP0NHt4i0JbCyda21i5\n+GL7ufvNcdUBFRL5eA38EbjfR5sbUYH60Zsa+C9TeQvdmVGsYGyy/G9jhJ9ekpI3\nC5Qsy+vgWs/I+YYIzAbuZYjuInxUgHPpAAAAAAEC\n-----END OPENSSH PRIVATE KEY-----\n",
            "private_key_pem": "-----BEGIN RSA PRIVATE KEY-----\nMIIJKQIBAAKCAgEAq8uq4So7zMcuuiKgN/Px0kytAX820eQgjCsL0aC/aUrkXMuE\nTY3SyAMb3KrVCpDrX3WopymjiFUJpnyiCwYf0Tbe0/XsRUMDr3EEYgl4Al1z8gch\nXKAN+CxE5YATMtqF1ktBLD9aCgGONd2JXhZcxMY78fwNLnR3IB+WY8lmO+2BolBf\ni4u3Uz1i6ujR3F5APYHap6yFAd/+3amW7uRcYX2btAyk/C5NkXdtt7iDnX+vxqtb\ny6oVtZvDUPyqeCVU7EFrvFjbv5b1OtPVpwjnb0PqLB1KWXHW2pW39RODAcIVHT2X\n1uBbWsR1RAlZh50u3gpG+HbnSjNgMmM7DmUdtnJ/HLYtPWKZ82bUL9umwYJ48IYv\n+lfXgc8lp43jIExTe2ineVUGMDbGuj/tTnxmVptJyANqO2bmM2pS1nwkLm6qQmYj\na5WJHqfT0H7SII8wQXFaSK8K0FBue6WEc574UImv0VFC/h2js+6oiCQdluh3IJzq\neYpQFg7Jk3pYcgTvTFY0Q06zBwlnkFqC0viZzFSmTtchOupuSwVLtWjVNdDS3P99\nL0rgSlTDjeJgLVQwHpq4MQNebkWRfNtRWqgDu2T6Iw4X3gKVQPO/D8LuOznYtV6a\n+i5b4022GuZ5Lq+AswXOXYWJ8ianjFJ4NN0mEHuTaK+m6y7zuIcNBPxWl7sCAwEA\nAQKCAgA2UX+2kOV2gnX+SWtyNZH8xdyf0ArTw3cdCpFClzpePt1Ej97FrLV8IyuA\nko0ouZiKRsfsDsjTltulxdtwc9/EhT5gM24gmidEpg3WN5s32DeMS3/bawnvsYOZ\nMu0fE6PklUfGh0NfTY2a73B7DMQJPYp/oQvD5/QwdnxVEb1e7mIiIZqMI0F0MsEf\neDy+mhhiujeZ83zckmfhyzjbUN36vz3naGYUDEnfWC0bPV50Aobf4Jd2JlGV6emQ\nJkt6EIew6aB4XXohskfYcVko5rJSZl1Y1GwJKurdkyAmf6RY/nYxmCN1v9tysBJJ\n0FD8BZFniEVXUzUfK25bkC+Ahi0l2WdXYoFK+kP3+UxCiQ3V3CJQwNhZaYxNimQm\n8PE9Tm0T/0g56vnMQ0feZTJUxW/QZbu6JRfJJ7yblE0+fMNNeMUu5LiACEDtWfaQ\ngWHYTqmL63QZKludDpSkmxtjITlO44rtfxYDPZo/Y0bjZPt+BqWm02J2YHfmUGFn\nYMToFWbmFTmT12czgOElNhTHl2+DC+9Ss2o8OpcSNdjUHtqyhhzc9iiefhQbzw0n\nAqUAEXYWGILYhlkYvflCmLuRGTlIntfqlw0xdLsYElourDdXRPsN4NO+pWKzqqRU\nuC3VhANtF7PpHJvrtD/NUu9iPZYsCSByeMV2/efkarMsZ0G+uQKCAQEA3k6H6WbS\npKV/2fCUCppuJPJOSWlQ1KwggexmE4GykWm6H/f+fSo7kpzSC6H9X9b72H4wbXq2\nzCg60SyZcbbG3nDIid/dKIGkzVr7faXTHD0eKupG3jtnfXrAhE171fp6A8crC7fY\nckiO0hdhY3q1I53vuy+eOgx29s/S6J7ZYAlkH/xLCLK0y48DC1SqGFcb5tGg39AR\nK33Y9y9yh2+OO4NZCw8eTSFaYbjO52gUfTllRoPHsKItyi9cDjoRDhhV3JVqVEnr\nSthMBrm5U9TLOujl5U2RBETN8hFKxJzXb3Sti8D1Q7uhrv1rVfz4D5YBDPq2CzdU\nXO9JcQEg6tHcAwKCAQEAxdVPZsNlg/IjXhaKmNNDGevBVmELckKJgzdAEYiO0B1S\nqK6TVUijyZboMoGW+mSffMaQv/KEW2qxYgU5YKnAoxmZkBHoS1O+e6XAs29zvCah\nK/yZBuGwUOoK+pIMFPcXVFoJdUfP5FP/hGB95TAaoMJd3ptcwCXJ2TaFGX7UHsR4\nZcMiW9GGNYLWLBmvuhcvBKj7DEO7bh0T9Z+n77+2gnWVmLROEx4ZC0aD9DR7eItC\nWwsnWttYufhi+7n7zXHVARUS+XgN/BG430ebG1GB+tGbGvgvU3kL3ZlRrGBssvxv\nY4SfXpKSNwuULMvr4FrPyPmGCMwG7mWI7iJ8VIBz6QKCAQAeK04qkLe5fHRTYWDV\n54tXHEMfl1lO42Ut/KUFtK5FKbIGsKMq3VZkWT/wMDWwkf5vrQBpeyPfpP4GcSUJ\n16I5gdjVTTo4Sw/Qhq5mqOBzjp/PdyfS9QDgeI4z5kgODAYPCTKATpzjNZGcVWv0\nEi0O/loQby/r9NEYQa//vb8GV3/tD1InhgkfLvNc0EqdLwUsV/qbJSOPYW7WbOwA\nEVWeIf8tjwmvsf0QEgKSSP+u1uE1pqCtCfVo4PB/RcYWwZq1atmZQsbZy2zV5NKP\n2+sQvZalfddWWvgQB+S7tgVOrOj4dGFUpdwVYXL1onUPuG3AEy4ta37ZdefjnCGZ\nfI19AoIBAQC92hhJ6ShJuJzCVWWKhet2O64dpCHk8/+dge8lJGTRSeKiaG6RwJUW\nB5ErrvthriD0EGanHihwxnIWPCc1IZLxssaQ4O6JI4PAi2/jgwiRPo0bdlywovOe\nowwILRIVKI8l7wX2nATg/M9QjX0j7ccQEZcd4wDekSUlI9IVhoYwRKG6HsqhTPC7\n96RrS/c84bTIhxXtTi7X3GXkKOR0CwouJoN6uUXXyOGF1ZUaTSdUpmf2kTyiT6/V\nQI5VPsVsAlrEoCHGcLUS+zrsY35xeAYB2xc7iYN5WsfNUK51e0+1cNXArmx2yLgy\nxRTc7JGfi+at2vALDylzrNL8nPGt8lvJAoIBAQCcSLgIAnuTxsHzjGuL3cZsLy+g\nNgtYMnKBvHbpU5+D1SIvjM/Jj9GzZrx2LaI6rCJv5EyOl/aOC/xktevcZIflT2e/\nw68wDPmcyqnRSLzam9reti0CKDH/MDm8AkoV/sg8nwuAP6BIPbOaAKAvCZYXpeMl\nFUCo7OKkg4DfKVA3J09xRTf6fOxAI6etcgJl4K3bZt0W7Vwt1TDWLyr/lnGSDG5/\n2FFRGMRwpYZTbCzcnELuPt4uPHtQGqOvE66Pg3puQigf0gNAQgU0uP4eUEwlGFW6\nyDdavjBszQ+q0cmgvUcc0xFKBKB2pmZSaMdVgTqJ4thKzqBcqbgVvnITrXDx\n-----END RSA PRIVATE KEY-----\n",
            "private_key_pem_pkcs8": "-----BEGIN PRIVATE KEY-----\nMIIJQwIBADANBgkqhkiG9w0BAQEFAASCCS0wggkpAgEAAoICAQCry6rhKjvMxy66\nIqA38/HSTK0BfzbR5CCMKwvRoL9pSuRcy4RNjdLIAxvcqtUKkOtfdainKaOIVQmm\nfKILBh/RNt7T9exFQwOvcQRiCXgCXXPyByFcoA34LETlgBMy2oXWS0EsP1oKAY41\n3YleFlzExjvx/A0udHcgH5ZjyWY77YGiUF+Li7dTPWLq6NHcXkA9gdqnrIUB3/7d\nqZbu5FxhfZu0DKT8Lk2Rd223uIOdf6/Gq1vLqhW1m8NQ/Kp4JVTsQWu8WNu/lvU6\n09WnCOdvQ+osHUpZcdbalbf1E4MBwhUdPZfW4FtaxHVECVmHnS7eCkb4dudKM2Ay\nYzsOZR22cn8cti09YpnzZtQv26bBgnjwhi/6V9eBzyWnjeMgTFN7aKd5VQYwNsa6\nP+1OfGZWm0nIA2o7ZuYzalLWfCQubqpCZiNrlYkep9PQftIgjzBBcVpIrwrQUG57\npYRznvhQia/RUUL+HaOz7qiIJB2W6HcgnOp5ilAWDsmTelhyBO9MVjRDTrMHCWeQ\nWoLS+JnMVKZO1yE66m5LBUu1aNU10NLc/30vSuBKVMON4mAtVDAemrgxA15uRZF8\n21FaqAO7ZPojDhfeApVA878Pwu47Odi1Xpr6LlvjTbYa5nkur4CzBc5dhYnyJqeM\nUng03SYQe5Nor6brLvO4hw0E/FaXuwIDAQABAoICADZRf7aQ5XaCdf5Ja3I1kfzF\n3J/QCtPDdx0KkUKXOl4+3USP3sWstXwjK4CSjSi5mIpGx+wOyNOW26XF23Bz38SF\nPmAzbiCaJ0SmDdY3mzfYN4xLf9trCe+xg5ky7R8To+SVR8aHQ19NjZrvcHsMxAk9\nin+hC8Pn9DB2fFURvV7uYiIhmowjQXQywR94PL6aGGK6N5nzfNySZ+HLONtQ3fq/\nPedoZhQMSd9YLRs9XnQCht/gl3YmUZXp6ZAmS3oQh7DpoHhdeiGyR9hxWSjmslJm\nXVjUbAkq6t2TICZ/pFj+djGYI3W/23KwEknQUPwFkWeIRVdTNR8rbluQL4CGLSXZ\nZ1digUr6Q/f5TEKJDdXcIlDA2FlpjE2KZCbw8T1ObRP/SDnq+cxDR95lMlTFb9Bl\nu7olF8knvJuUTT58w014xS7kuIAIQO1Z9pCBYdhOqYvrdBkqW50OlKSbG2MhOU7j\niu1/FgM9mj9jRuNk+34GpabTYnZgd+ZQYWdgxOgVZuYVOZPXZzOA4SU2FMeXb4ML\n71Kzajw6lxI12NQe2rKGHNz2KJ5+FBvPDScCpQARdhYYgtiGWRi9+UKYu5EZOUie\n1+qXDTF0uxgSWi6sN1dE+w3g076lYrOqpFS4LdWEA20Xs+kcm+u0P81S72I9liwJ\nIHJ4xXb95+RqsyxnQb65AoIBAQDeTofpZtKkpX/Z8JQKmm4k8k5JaVDUrCCB7GYT\ngbKRabof9/59KjuSnNILof1f1vvYfjBterbMKDrRLJlxtsbecMiJ390ogaTNWvt9\npdMcPR4q6kbeO2d9esCETXvV+noDxysLt9hySI7SF2FjerUjne+7L546DHb2z9Lo\nntlgCWQf/EsIsrTLjwMLVKoYVxvm0aDf0BErfdj3L3KHb447g1kLDx5NIVphuM7n\naBR9OWVGg8ewoi3KL1wOOhEOGFXclWpUSetK2EwGublT1Ms66OXlTZEERM3yEUrE\nnNdvdK2LwPVDu6Gu/WtV/PgPlgEM+rYLN1Rc70lxASDq0dwDAoIBAQDF1U9mw2WD\n8iNeFoqY00MZ68FWYQtyQomDN0ARiI7QHVKorpNVSKPJlugygZb6ZJ98xpC/8oRb\narFiBTlgqcCjGZmQEehLU757pcCzb3O8JqEr/JkG4bBQ6gr6kgwU9xdUWgl1R8/k\nU/+EYH3lMBqgwl3em1zAJcnZNoUZftQexHhlwyJb0YY1gtYsGa+6Fy8EqPsMQ7tu\nHRP1n6fvv7aCdZWYtE4THhkLRoP0NHt4i0JbCyda21i5+GL7ufvNcdUBFRL5eA38\nEbjfR5sbUYH60Zsa+C9TeQvdmVGsYGyy/G9jhJ9ekpI3C5Qsy+vgWs/I+YYIzAbu\nZYjuInxUgHPpAoIBAB4rTiqQt7l8dFNhYNXni1ccQx+XWU7jZS38pQW0rkUpsgaw\noyrdVmRZP/AwNbCR/m+tAGl7I9+k/gZxJQnXojmB2NVNOjhLD9CGrmao4HOOn893\nJ9L1AOB4jjPmSA4MBg8JMoBOnOM1kZxVa/QSLQ7+WhBvL+v00RhBr/+9vwZXf+0P\nUieGCR8u81zQSp0vBSxX+pslI49hbtZs7AARVZ4h/y2PCa+x/RASApJI/67W4TWm\noK0J9Wjg8H9FxhbBmrVq2ZlCxtnLbNXk0o/b6xC9lqV911Za+BAH5Lu2BU6s6Ph0\nYVSl3BVhcvWidQ+4bcATLi1rftl15+OcIZl8jX0CggEBAL3aGEnpKEm4nMJVZYqF\n63Y7rh2kIeTz/52B7yUkZNFJ4qJobpHAlRYHkSuu+2GuIPQQZqceKHDGchY8JzUh\nkvGyxpDg7okjg8CLb+ODCJE+jRt2XLCi856jDAgtEhUojyXvBfacBOD8z1CNfSPt\nxxARlx3jAN6RJSUj0hWGhjBEoboeyqFM8Lv3pGtL9zzhtMiHFe1OLtfcZeQo5HQL\nCi4mg3q5RdfI4YXVlRpNJ1SmZ/aRPKJPr9VAjlU+xWwCWsSgIcZwtRL7OuxjfnF4\nBgHbFzuJg3lax81QrnV7T7Vw1cCubHbIuDLFFNzskZ+L5q3a8AsPKXOs0vyc8a3y\nW8kCggEBAJxIuAgCe5PGwfOMa4vdxmwvL6A2C1gycoG8dulTn4PVIi+Mz8mP0bNm\nvHYtojqsIm/kTI6X9o4L/GS169xkh+VPZ7/DrzAM+ZzKqdFIvNqb2t62LQIoMf8w\nObwCShX+yDyfC4A/oEg9s5oAoC8Jlhel4yUVQKjs4qSDgN8pUDcnT3FFN/p87EAj\np61yAmXgrdtm3RbtXC3VMNYvKv+WcZIMbn/YUVEYxHClhlNsLNycQu4+3i48e1Aa\no68Tro+Dem5CKB/SA0BCBTS4/h5QTCUYVbrIN1q+MGzND6rRyaC9RxzTEUoEoHam\nZlJox1WBOoni2ErOoFypuBW+chOtcPE=\n-----END PRIVATE KEY-----\n",
            "public_key_fingerprint_md5": "48:51:ce:38:b6:19:42:a8:4f:df:9f:5c:4a:10:b8:79",
            "public_key_fingerprint_sha256": "SHA256:Vd3jqDm+3Z/fmoEjcPkClv3JPnV1fIylXHZK1/8lN2A",
            "public_key_openssh": "ssh-rsa AAAAB3NzaC1yc2EAAAADAQABAAACAQCry6rhKjvMxy66IqA38/HSTK0BfzbR5CCMKwvRoL9pSuRcy4RNjdLIAxvcqtUKkOtfdainKaOIVQmmfKILBh/RNt7T9exFQwOvcQRiCXgCXXPyByFcoA34LETlgBMy2oXWS0EsP1oKAY413YleFlzExjvx/A0udHcgH5ZjyWY77YGiUF+Li7dTPWLq6NHcXkA9gdqnrIUB3/7dqZbu5FxhfZu0DKT8Lk2Rd223uIOdf6/Gq1vLqhW1m8NQ/Kp4JVTsQWu8WNu/lvU609WnCOdvQ+osHUpZcdbalbf1E4MBwhUdPZfW4FtaxHVECVmHnS7eCkb4dudKM2AyYzsOZR22cn8cti09YpnzZtQv26bBgnjwhi/6V9eBzyWnjeMgTFN7aKd5VQYwNsa6P+1OfGZWm0nIA2o7ZuYzalLWfCQubqpCZiNrlYkep9PQftIgjzBBcVpIrwrQUG57pYRznvhQia/RUUL+HaOz7qiIJB2W6HcgnOp5ilAWDsmTelhyBO9MVjRDTrMHCWeQWoLS+JnMVKZO1yE66m5LBUu1aNU10NLc/30vSuBKVMON4mAtVDAemrgxA15uRZF821FaqAO7ZPojDhfeApVA878Pwu47Odi1Xpr6LlvjTbYa5nkur4CzBc5dhYnyJqeMUng03SYQe5Nor6brLvO4hw0E/FaXuw==\n",
            "public_key_pem": "-----BEGIN PUBLIC KEY-----\nMIICIjANBgkqhkiG9w0BAQEFAAOCAg8AMIICCgKCAgEAq8uq4So7zMcuuiKgN/Px\n0kytAX820eQgjCsL0aC/aUrkXMuETY3SyAMb3KrVCpDrX3WopymjiFUJpnyiCwYf\n0Tbe0/XsRUMDr3EEYgl4Al1z8gchXKAN+CxE5YATMtqF1ktBLD9aCgGONd2JXhZc\nxMY78fwNLnR3IB+WY8lmO+2BolBfi4u3Uz1i6ujR3F5APYHap6yFAd/+3amW7uRc\nYX2btAyk/C5NkXdtt7iDnX+vxqtby6oVtZvDUPyqeCVU7EFrvFjbv5b1OtPVpwjn\nb0PqLB1KWXHW2pW39RODAcIVHT2X1uBbWsR1RAlZh50u3gpG+HbnSjNgMmM7DmUd\ntnJ/HLYtPWKZ82bUL9umwYJ48IYv+lfXgc8lp43jIExTe2ineVUGMDbGuj/tTnxm\nVptJyANqO2bmM2pS1nwkLm6qQmYja5WJHqfT0H7SII8wQXFaSK8K0FBue6WEc574\nUImv0VFC/h2js+6oiCQdluh3IJzqeYpQFg7Jk3pYcgTvTFY0Q06zBwlnkFqC0viZ\nzFSmTtchOupuSwVLtWjVNdDS3P99L0rgSlTDjeJgLVQwHpq4MQNebkWRfNtRWqgD\nu2T6Iw4X3gKVQPO/D8LuOznYtV6a+i5b4022GuZ5Lq+AswXOXYWJ8ianjFJ4NN0m\nEHuTaK+m6y7zuIcNBPxWl7sCAwEAAQ==\n-----END PUBLIC KEY-----\n",
            "rsa_bits": 4096
          },
          "sensitive_attributes": [
            [
              {
                "type": "get_attr",
                "value": "private_key_openssh"
              }
            ],
            [
              {
                "type": "get_attr",
                "value": "private_key_pem"
              }
            ],
            [
              {
                "type": "get_attr",
                "value": "private_key_pem_pkcs8"
              }
            ]
          ],
          "identity_schema_version": 0
        }
      ]
    }
  ],
  "check_results": null
}
